<?xml version="1.0" encoding="utf-8"?>
<Project ToolsVersion="4.0" xmlns="http://schemas.microsoft.com/developer/msbuild/2003">
  <ItemGroup>
    <Filter Include="99.Default">
      <UniqueIdentifier>{f0ec1e9e-56c7-448e-8257-d7abfc7db848}</UniqueIdentifier>
    </Filter>
    <Filter Include="00.MainApp">
      <UniqueIdentifier>{06322bdb-8871-40c2-974e-8ce29e63ce7f}</UniqueIdentifier>
    </Filter>
    <Filter Include="98.Headers">
      <UniqueIdentifier>{a10edfe9-05b6-4c0d-aa00-ec973cd14c0a}</UniqueIdentifier>
    </Filter>
    <Filter Include="00.MainApp\Application">
      <UniqueIdentifier>{4d5acbab-ea8a-444d-84c7-3598685dbd43}</UniqueIdentifier>
    </Filter>
    <Filter Include="03.Object">
      <UniqueIdentifier>{ec7d538a-4b5f-4928-acb0-81122667ea5e}</UniqueIdentifier>
    </Filter>
    <Filter Include="03.Object\00.Manager">
      <UniqueIdentifier>{7df32bf7-af56-469b-991c-2876e455cc4f}</UniqueIdentifier>
    </Filter>
    <Filter Include="01.Component">
      <UniqueIdentifier>{00f8a8a4-0224-489b-ac0a-1fb0338b08d2}</UniqueIdentifier>
    </Filter>
    <Filter Include="01.Component\GraphicComponent">
      <UniqueIdentifier>{b1412f14-b40c-4275-a735-0095f21a4b0e}</UniqueIdentifier>
    </Filter>
    <Filter Include="01.Component\PhysicsComponent">
      <UniqueIdentifier>{f7b7c0ea-0f3f-4cae-ad64-8d7faad3b0f8}</UniqueIdentifier>
    </Filter>
    <Filter Include="02.ResourceStore">
      <UniqueIdentifier>{7cb399be-5a5e-414a-9051-ca18df9597fb}</UniqueIdentifier>
    </Filter>
    <Filter Include="02.ResourceStore\TextureStore">
      <UniqueIdentifier>{bdb8f2c7-12bd-4804-a023-a625ab1541ff}</UniqueIdentifier>
    </Filter>
    <Filter Include="02.ResourceStore\DataStore">
      <UniqueIdentifier>{3e64e869-0ea9-47aa-b5ba-9e74442c4145}</UniqueIdentifier>
    </Filter>
    <Filter Include="04.Graphics">
      <UniqueIdentifier>{74b49bf0-0917-451e-bdd9-741082de4d4c}</UniqueIdentifier>
    </Filter>
    <Filter Include="05.Physics">
      <UniqueIdentifier>{951c160c-c57f-425b-ac36-ab1ac463b913}</UniqueIdentifier>
    </Filter>
    <Filter Include="08.GameState">
      <UniqueIdentifier>{4186a81b-ca7c-4733-9c53-91990ec05031}</UniqueIdentifier>
    </Filter>
    <Filter Include="06.FrameRateController">
      <UniqueIdentifier>{05903a66-2bac-40ad-a3a0-04d56ad9328f}</UniqueIdentifier>
    </Filter>
    <Filter Include="07.Input">
      <UniqueIdentifier>{96174c25-2f0a-4af9-9c46-323dfebebb05}</UniqueIdentifier>
    </Filter>
    <Filter Include="09.Sound">
      <UniqueIdentifier>{3257ed61-a8f6-4b7c-8ead-24c355392e24}</UniqueIdentifier>
    </Filter>
    <Filter Include="01.Component\CollisionComponent">
      <UniqueIdentifier>{ecfda809-df9e-487f-be2f-cd46c90d983f}</UniqueIdentifier>
    </Filter>
    <Filter Include="04.Graphics\00.Manager">
      <UniqueIdentifier>{b551db5f-6f5d-44cd-afcf-cb4e643c8bdb}</UniqueIdentifier>
    </Filter>
    <Filter Include="03.Object\01.Background">
      <UniqueIdentifier>{763fbf1b-2842-40bd-a610-5e55248ba870}</UniqueIdentifier>
    </Filter>
    <Filter Include="08.GameState\00.Manager">
      <UniqueIdentifier>{b0c911c2-1ec6-4304-b795-c5b7c19fe989}</UniqueIdentifier>
    </Filter>
    <Filter Include="08.GameState\01.MainMenu">
      <UniqueIdentifier>{54ba8ed8-397e-45ec-a4a9-13f16e3bba6c}</UniqueIdentifier>
    </Filter>
    <Filter Include="08.GameState\02.MapSelect">
      <UniqueIdentifier>{cce7a259-81e4-4f9f-9055-6acac6b13bff}</UniqueIdentifier>
    </Filter>
    <Filter Include="08.GameState\03.Stages">
      <UniqueIdentifier>{2f157fbc-b83b-4cca-a5ce-2790add903a9}</UniqueIdentifier>
    </Filter>
    <Filter Include="08.GameState\03.Stages\Stage0">
      <UniqueIdentifier>{d8e1cc2e-22e3-4cf6-9a13-fca145a3bc18}</UniqueIdentifier>
    </Filter>
    <Filter Include="04.Graphics\01.Texture">
      <UniqueIdentifier>{16f0207f-d7bd-4a7a-9992-cb603352618d}</UniqueIdentifier>
    </Filter>
    <Filter Include="04.Graphics\02.Camera">
      <UniqueIdentifier>{6a5a79e8-e03a-478b-b1a0-c30fa40d0608}</UniqueIdentifier>
    </Filter>
    <Filter Include="10.Debugger">
      <UniqueIdentifier>{2569589e-8d07-4ad0-b5be-cafaa58f9087}</UniqueIdentifier>
    </Filter>
  </ItemGroup>
  <ItemGroup>
    <ClInclude Include="Client.h">
      <Filter>99.Default</Filter>
    </ClInclude>
    <ClInclude Include="Resource.h">
      <Filter>99.Default</Filter>
    </ClInclude>
    <ClInclude Include="targetver.h">
      <Filter>99.Default</Filter>
    </ClInclude>
    <ClInclude Include="stdafx.h">
      <Filter>99.Default</Filter>
    </ClInclude>
    <ClInclude Include="MainApp.h">
      <Filter>00.MainApp</Filter>
    </ClInclude>
    <ClInclude Include="Total.h">
      <Filter>98.Headers</Filter>
    </ClInclude>
    <ClInclude Include="HelperFunctions.h">
      <Filter>98.Headers</Filter>
    </ClInclude>
    <ClInclude Include="MyEnum.h">
      <Filter>98.Headers</Filter>
    </ClInclude>
    <ClInclude Include="MyStructures.h">
      <Filter>98.Headers</Filter>
    </ClInclude>
    <ClInclude Include="Application.h">
      <Filter>00.MainApp\Application</Filter>
    </ClInclude>
    <ClInclude Include="MyMacros.h">
      <Filter>98.Headers</Filter>
    </ClInclude>
    <ClInclude Include="Component.h">
      <Filter>01.Component</Filter>
    </ClInclude>
    <ClInclude Include="DataStore.h">
      <Filter>02.ResourceStore\DataStore</Filter>
    </ClInclude>
    <ClInclude Include="Object.h">
      <Filter>03.Object</Filter>
    </ClInclude>
    <ClInclude Include="TextureStore.h">
      <Filter>02.ResourceStore\TextureStore</Filter>
    </ClInclude>
    <ClInclude Include="Texture.h">
      <Filter>04.Graphics\01.Texture</Filter>
    </ClInclude>
    <ClInclude Include="GraphicsManager.h">
      <Filter>04.Graphics\00.Manager</Filter>
    </ClInclude>
    <ClInclude Include="GraphicsComponent.h">
      <Filter>01.Component\GraphicComponent</Filter>
    </ClInclude>
    <ClInclude Include="ObjectManager.h">
      <Filter>03.Object\00.Manager</Filter>
    </ClInclude>
    <ClInclude Include="Camera.h">
      <Filter>04.Graphics\02.Camera</Filter>
    </ClInclude>
    <ClInclude Include="Background.h">
      <Filter>03.Object\01.Background</Filter>
    </ClInclude>
    <ClInclude Include="InputManager.h">
      <Filter>07.Input</Filter>
    </ClInclude>
    <ClInclude Include="MyDefines.h">
      <Filter>98.Headers</Filter>
    </ClInclude>
    <ClInclude Include="GameState.h">
      <Filter>08.GameState</Filter>
    </ClInclude>
    <ClInclude Include="GSM.h">
      <Filter>08.GameState\00.Manager</Filter>
    </ClInclude>
    <ClInclude Include="Stage0.h">
      <Filter>08.GameState\03.Stages\Stage0</Filter>
    </ClInclude>
    <ClInclude Include="FRC.h">
      <Filter>06.FrameRateController</Filter>
    </ClInclude>
    <ClInclude Include="Debugger.h" />
  </ItemGroup>
  <ItemGroup>
    <ClCompile Include="stdafx.cpp">
      <Filter>99.Default</Filter>
    </ClCompile>
    <ClCompile Include="Client.cpp">
      <Filter>99.Default</Filter>
    </ClCompile>
    <ClCompile Include="MainApp.cpp">
      <Filter>00.MainApp</Filter>
    </ClCompile>
    <ClCompile Include="Application.cpp">
      <Filter>00.MainApp\Application</Filter>
    </ClCompile>
    <ClCompile Include="Component.cpp">
      <Filter>01.Component</Filter>
    </ClCompile>
    <ClCompile Include="DataStore.cpp">
      <Filter>02.ResourceStore\DataStore</Filter>
    </ClCompile>
    <ClCompile Include="Object.cpp">
      <Filter>03.Object</Filter>
    </ClCompile>
    <ClCompile Include="TextureStore.cpp">
      <Filter>02.ResourceStore\TextureStore</Filter>
    </ClCompile>
    <ClCompile Include="Texture.cpp">
      <Filter>04.Graphics\01.Texture</Filter>
    </ClCompile>
    <ClCompile Include="GraphicsManager.cpp">
      <Filter>04.Graphics\00.Manager</Filter>
    </ClCompile>
    <ClCompile Include="GraphicsComponent.cpp">
      <Filter>01.Component\GraphicComponent</Filter>
    </ClCompile>
    <ClCompile Include="ObjectManager.cpp">
      <Filter>03.Object\00.Manager</Filter>
    </ClCompile>
    <ClCompile Include="Camera.cpp">
      <Filter>04.Graphics\02.Camera</Filter>
    </ClCompile>
    <ClCompile Include="Background.cpp">
      <Filter>03.Object\01.Background</Filter>
    </ClCompile>
    <ClCompile Include="InputManager.cpp">
      <Filter>07.Input</Filter>
    </ClCompile>
    <ClCompile Include="GameState.cpp">
      <Filter>08.GameState</Filter>
    </ClCompile>
    <ClCompile Include="GSM.cpp">
      <Filter>08.GameState\00.Manager</Filter>
    </ClCompile>
    <ClCompile Include="Stage0.cpp">
      <Filter>08.GameState\03.Stages\Stage0</Filter>
    </ClCompile>
    <ClCompile Include="FRC.cpp">
      <Filter>06.FrameRateController</Filter>
    </ClCompile>
    <ClCompile Include="Debugger.cpp" />
  </ItemGroup>
  <ItemGroup>
    <Image Include="Client.ico">
      <Filter>99.Default</Filter>
    </Image>
    <Image Include="small.ico">
      <Filter>99.Default</Filter>
    </Image>
  </ItemGroup>
  <ItemGroup>
    <ResourceCompile Include="Client.rc">
      <Filter>99.Default</Filter>
    </ResourceCompile>
  </ItemGroup>
  <ItemGroup>
    <Text Include="ReadMe.txt">
      <Filter>99.Default</Filter>
    </Text>
  </ItemGroup>
</Project>